
Microsoft Visual Studio Solution File, Format Version 10.00
# Visual Studio 2008
Project("{FAE04EC0-301F-11D3-BF4B-00C04F79EFBC}") = "b3d", "baires3d\b3d.csproj", "{C2DE1B8E-B58B-422C-BED1-2A2F802088E0}"
EndProject
Project("{FAE04EC0-301F-11D3-BF4B-00C04F79EFBC}") = "Manipulators", "Manipulators\Manipulators.csproj", "{EEBD5939-F1FE-415B-85C5-B619FB3D18BB}"
EndProject
Project("{FAE04EC0-301F-11D3-BF4B-00C04F79EFBC}") = "PickBuffer", "PickBuffer\PickBuffer.csproj", "{C63735BF-E140-4E0E-8748-293CEF96F7CB}"
EndProject
Global
	GlobalSection(SolutionConfigurationPlatforms) = preSolution
		Debug|Any CPU = Debug|Any CPU
		Debug|Mixed Platforms = Debug|Mixed Platforms
		Debug|Win32 = Debug|Win32
		Debug|x86 = Debug|x86
		Debug|Xbox 360 = Debug|Xbox 360
		Public|Any CPU = Public|Any CPU
		Public|Mixed Platforms = Public|Mixed Platforms
		Public|Win32 = Public|Win32
		Public|x86 = Public|x86
		Public|Xbox 360 = Public|Xbox 360
		Release|Any CPU = Release|Any CPU
		Release|Mixed Platforms = Release|Mixed Platforms
		Release|Win32 = Release|Win32
		Release|x86 = Release|x86
		Release|Xbox 360 = Release|Xbox 360
	EndGlobalSection
	GlobalSection(ProjectConfigurationPlatforms) = postSolution
		{C2DE1B8E-B58B-422C-BED1-2A2F802088E0}.Debug|Any CPU.ActiveCfg = Debug|x86
		{C2DE1B8E-B58B-422C-BED1-2A2F802088E0}.Debug|Mixed Platforms.ActiveCfg = Debug|x86
		{C2DE1B8E-B58B-422C-BED1-2A2F802088E0}.Debug|Mixed Platforms.Build.0 = Debug|x86
		{C2DE1B8E-B58B-422C-BED1-2A2F802088E0}.Debug|Win32.ActiveCfg = Debug|x86
		{C2DE1B8E-B58B-422C-BED1-2A2F802088E0}.Debug|x86.ActiveCfg = Debug|x86
		{C2DE1B8E-B58B-422C-BED1-2A2F802088E0}.Debug|x86.Build.0 = Debug|x86
		{C2DE1B8E-B58B-422C-BED1-2A2F802088E0}.Debug|Xbox 360.ActiveCfg = Debug|x86
		{C2DE1B8E-B58B-422C-BED1-2A2F802088E0}.Public|Any CPU.ActiveCfg = Release|x86
		{C2DE1B8E-B58B-422C-BED1-2A2F802088E0}.Public|Mixed Platforms.ActiveCfg = Release|x86
		{C2DE1B8E-B58B-422C-BED1-2A2F802088E0}.Public|Mixed Platforms.Build.0 = Release|x86
		{C2DE1B8E-B58B-422C-BED1-2A2F802088E0}.Public|Win32.ActiveCfg = Release|x86
		{C2DE1B8E-B58B-422C-BED1-2A2F802088E0}.Public|x86.ActiveCfg = Release|x86
		{C2DE1B8E-B58B-422C-BED1-2A2F802088E0}.Public|x86.Build.0 = Release|x86
		{C2DE1B8E-B58B-422C-BED1-2A2F802088E0}.Public|Xbox 360.ActiveCfg = Release|x86
		{C2DE1B8E-B58B-422C-BED1-2A2F802088E0}.Release|Any CPU.ActiveCfg = Release|x86
		{C2DE1B8E-B58B-422C-BED1-2A2F802088E0}.Release|Mixed Platforms.ActiveCfg = Release|x86
		{C2DE1B8E-B58B-422C-BED1-2A2F802088E0}.Release|Mixed Platforms.Build.0 = Release|x86
		{C2DE1B8E-B58B-422C-BED1-2A2F802088E0}.Release|Win32.ActiveCfg = Release|x86
		{C2DE1B8E-B58B-422C-BED1-2A2F802088E0}.Release|x86.ActiveCfg = Release|x86
		{C2DE1B8E-B58B-422C-BED1-2A2F802088E0}.Release|x86.Build.0 = Release|x86
		{C2DE1B8E-B58B-422C-BED1-2A2F802088E0}.Release|Xbox 360.ActiveCfg = Release|x86
		{4535B3A7-53A4-4185-8550-7C2B5F70BA9E}.Debug|Any CPU.ActiveCfg = Debug|x86
		{4535B3A7-53A4-4185-8550-7C2B5F70BA9E}.Debug|Mixed Platforms.ActiveCfg = Debug|x86
		{4535B3A7-53A4-4185-8550-7C2B5F70BA9E}.Debug|Win32.ActiveCfg = Debug|x86
		{4535B3A7-53A4-4185-8550-7C2B5F70BA9E}.Debug|x86.ActiveCfg = Debug|x86
		{4535B3A7-53A4-4185-8550-7C2B5F70BA9E}.Debug|Xbox 360.ActiveCfg = Debug|x86
		{4535B3A7-53A4-4185-8550-7C2B5F70BA9E}.Public|Any CPU.ActiveCfg = Release|x86
		{4535B3A7-53A4-4185-8550-7C2B5F70BA9E}.Public|Mixed Platforms.ActiveCfg = Release|x86
		{4535B3A7-53A4-4185-8550-7C2B5F70BA9E}.Public|Win32.ActiveCfg = Release|x86
		{4535B3A7-53A4-4185-8550-7C2B5F70BA9E}.Public|x86.ActiveCfg = Release|x86
		{4535B3A7-53A4-4185-8550-7C2B5F70BA9E}.Public|Xbox 360.ActiveCfg = Release|x86
		{4535B3A7-53A4-4185-8550-7C2B5F70BA9E}.Release|Any CPU.ActiveCfg = Release|x86
		{4535B3A7-53A4-4185-8550-7C2B5F70BA9E}.Release|Mixed Platforms.ActiveCfg = Release|x86
		{4535B3A7-53A4-4185-8550-7C2B5F70BA9E}.Release|Win32.ActiveCfg = Release|x86
		{4535B3A7-53A4-4185-8550-7C2B5F70BA9E}.Release|x86.ActiveCfg = Release|x86
		{4535B3A7-53A4-4185-8550-7C2B5F70BA9E}.Release|Xbox 360.ActiveCfg = Release|x86
		{EEBD5939-F1FE-415B-85C5-B619FB3D18BB}.Debug|Any CPU.ActiveCfg = Debug|x86
		{EEBD5939-F1FE-415B-85C5-B619FB3D18BB}.Debug|Mixed Platforms.ActiveCfg = Debug|x86
		{EEBD5939-F1FE-415B-85C5-B619FB3D18BB}.Debug|Mixed Platforms.Build.0 = Debug|x86
		{EEBD5939-F1FE-415B-85C5-B619FB3D18BB}.Debug|Win32.ActiveCfg = Debug|x86
		{EEBD5939-F1FE-415B-85C5-B619FB3D18BB}.Debug|x86.ActiveCfg = Debug|x86
		{EEBD5939-F1FE-415B-85C5-B619FB3D18BB}.Debug|x86.Build.0 = Debug|x86
		{EEBD5939-F1FE-415B-85C5-B619FB3D18BB}.Debug|Xbox 360.ActiveCfg = Debug|x86
		{EEBD5939-F1FE-415B-85C5-B619FB3D18BB}.Public|Any CPU.ActiveCfg = Release|x86
		{EEBD5939-F1FE-415B-85C5-B619FB3D18BB}.Public|Mixed Platforms.ActiveCfg = Release|x86
		{EEBD5939-F1FE-415B-85C5-B619FB3D18BB}.Public|Mixed Platforms.Build.0 = Release|x86
		{EEBD5939-F1FE-415B-85C5-B619FB3D18BB}.Public|Win32.ActiveCfg = Release|x86
		{EEBD5939-F1FE-415B-85C5-B619FB3D18BB}.Public|x86.ActiveCfg = Release|x86
		{EEBD5939-F1FE-415B-85C5-B619FB3D18BB}.Public|x86.Build.0 = Release|x86
		{EEBD5939-F1FE-415B-85C5-B619FB3D18BB}.Public|Xbox 360.ActiveCfg = Release|x86
		{EEBD5939-F1FE-415B-85C5-B619FB3D18BB}.Release|Any CPU.ActiveCfg = Release|x86
		{EEBD5939-F1FE-415B-85C5-B619FB3D18BB}.Release|Mixed Platforms.ActiveCfg = Release|x86
		{EEBD5939-F1FE-415B-85C5-B619FB3D18BB}.Release|Mixed Platforms.Build.0 = Release|x86
		{EEBD5939-F1FE-415B-85C5-B619FB3D18BB}.Release|Win32.ActiveCfg = Release|x86
		{EEBD5939-F1FE-415B-85C5-B619FB3D18BB}.Release|x86.ActiveCfg = Release|x86
		{EEBD5939-F1FE-415B-85C5-B619FB3D18BB}.Release|x86.Build.0 = Release|x86
		{EEBD5939-F1FE-415B-85C5-B619FB3D18BB}.Release|Xbox 360.ActiveCfg = Release|x86
		{A366D914-942C-45D9-9059-E0734C8CF90D}.Debug|Any CPU.ActiveCfg = Debug|x86
		{A366D914-942C-45D9-9059-E0734C8CF90D}.Debug|Mixed Platforms.ActiveCfg = Debug|x86
		{A366D914-942C-45D9-9059-E0734C8CF90D}.Debug|Win32.ActiveCfg = Debug|x86
		{A366D914-942C-45D9-9059-E0734C8CF90D}.Debug|x86.ActiveCfg = Debug|x86
		{A366D914-942C-45D9-9059-E0734C8CF90D}.Debug|Xbox 360.ActiveCfg = Debug|x86
		{A366D914-942C-45D9-9059-E0734C8CF90D}.Public|Any CPU.ActiveCfg = Release|x86
		{A366D914-942C-45D9-9059-E0734C8CF90D}.Public|Mixed Platforms.ActiveCfg = Release|x86
		{A366D914-942C-45D9-9059-E0734C8CF90D}.Public|Win32.ActiveCfg = Release|x86
		{A366D914-942C-45D9-9059-E0734C8CF90D}.Public|x86.ActiveCfg = Release|x86
		{A366D914-942C-45D9-9059-E0734C8CF90D}.Public|Xbox 360.ActiveCfg = Release|x86
		{A366D914-942C-45D9-9059-E0734C8CF90D}.Release|Any CPU.ActiveCfg = Release|x86
		{A366D914-942C-45D9-9059-E0734C8CF90D}.Release|Mixed Platforms.ActiveCfg = Release|x86
		{A366D914-942C-45D9-9059-E0734C8CF90D}.Release|Win32.ActiveCfg = Release|x86
		{A366D914-942C-45D9-9059-E0734C8CF90D}.Release|x86.ActiveCfg = Release|x86
		{A366D914-942C-45D9-9059-E0734C8CF90D}.Release|Xbox 360.ActiveCfg = Release|x86
		{C63735BF-E140-4E0E-8748-293CEF96F7CB}.Debug|Any CPU.ActiveCfg = Debug|x86
		{C63735BF-E140-4E0E-8748-293CEF96F7CB}.Debug|Mixed Platforms.ActiveCfg = Debug|x86
		{C63735BF-E140-4E0E-8748-293CEF96F7CB}.Debug|Mixed Platforms.Build.0 = Debug|x86
		{C63735BF-E140-4E0E-8748-293CEF96F7CB}.Debug|Win32.ActiveCfg = Debug|x86
		{C63735BF-E140-4E0E-8748-293CEF96F7CB}.Debug|x86.ActiveCfg = Debug|x86
		{C63735BF-E140-4E0E-8748-293CEF96F7CB}.Debug|x86.Build.0 = Debug|x86
		{C63735BF-E140-4E0E-8748-293CEF96F7CB}.Debug|Xbox 360.ActiveCfg = Debug|x86
		{C63735BF-E140-4E0E-8748-293CEF96F7CB}.Public|Any CPU.ActiveCfg = Release|x86
		{C63735BF-E140-4E0E-8748-293CEF96F7CB}.Public|Mixed Platforms.ActiveCfg = Release|x86
		{C63735BF-E140-4E0E-8748-293CEF96F7CB}.Public|Mixed Platforms.Build.0 = Release|x86
		{C63735BF-E140-4E0E-8748-293CEF96F7CB}.Public|Win32.ActiveCfg = Release|x86
		{C63735BF-E140-4E0E-8748-293CEF96F7CB}.Public|x86.ActiveCfg = Release|x86
		{C63735BF-E140-4E0E-8748-293CEF96F7CB}.Public|x86.Build.0 = Release|x86
		{C63735BF-E140-4E0E-8748-293CEF96F7CB}.Public|Xbox 360.ActiveCfg = Release|x86
		{C63735BF-E140-4E0E-8748-293CEF96F7CB}.Release|Any CPU.ActiveCfg = Release|x86
		{C63735BF-E140-4E0E-8748-293CEF96F7CB}.Release|Mixed Platforms.ActiveCfg = Release|x86
		{C63735BF-E140-4E0E-8748-293CEF96F7CB}.Release|Mixed Platforms.Build.0 = Release|x86
		{C63735BF-E140-4E0E-8748-293CEF96F7CB}.Release|Win32.ActiveCfg = Release|x86
		{C63735BF-E140-4E0E-8748-293CEF96F7CB}.Release|x86.ActiveCfg = Release|x86
		{C63735BF-E140-4E0E-8748-293CEF96F7CB}.Release|x86.Build.0 = Release|x86
		{C63735BF-E140-4E0E-8748-293CEF96F7CB}.Release|Xbox 360.ActiveCfg = Release|x86
		{CF23387D-4FA1-46A9-A0B8-89E111A37E74}.Debug|Any CPU.ActiveCfg = Debug|x86
		{CF23387D-4FA1-46A9-A0B8-89E111A37E74}.Debug|Mixed Platforms.ActiveCfg = Debug|x86
		{CF23387D-4FA1-46A9-A0B8-89E111A37E74}.Debug|Win32.ActiveCfg = Debug|x86
		{CF23387D-4FA1-46A9-A0B8-89E111A37E74}.Debug|x86.ActiveCfg = Debug|x86
		{CF23387D-4FA1-46A9-A0B8-89E111A37E74}.Debug|Xbox 360.ActiveCfg = Debug|x86
		{CF23387D-4FA1-46A9-A0B8-89E111A37E74}.Public|Any CPU.ActiveCfg = Release|x86
		{CF23387D-4FA1-46A9-A0B8-89E111A37E74}.Public|Mixed Platforms.ActiveCfg = Release|x86
		{CF23387D-4FA1-46A9-A0B8-89E111A37E74}.Public|Win32.ActiveCfg = Release|x86
		{CF23387D-4FA1-46A9-A0B8-89E111A37E74}.Public|x86.ActiveCfg = Release|x86
		{CF23387D-4FA1-46A9-A0B8-89E111A37E74}.Public|Xbox 360.ActiveCfg = Release|x86
		{CF23387D-4FA1-46A9-A0B8-89E111A37E74}.Release|Any CPU.ActiveCfg = Release|x86
		{CF23387D-4FA1-46A9-A0B8-89E111A37E74}.Release|Mixed Platforms.ActiveCfg = Release|x86
		{CF23387D-4FA1-46A9-A0B8-89E111A37E74}.Release|Win32.ActiveCfg = Release|x86
		{CF23387D-4FA1-46A9-A0B8-89E111A37E74}.Release|x86.ActiveCfg = Release|x86
		{CF23387D-4FA1-46A9-A0B8-89E111A37E74}.Release|Xbox 360.ActiveCfg = Release|x86
	EndGlobalSection
	GlobalSection(SolutionProperties) = preSolution
		HideSolutionNode = FALSE
	EndGlobalSection
EndGlobal
